
Microsoft Visual Studio Solution File, Format Version 12.00
# Visual Studio 2012
Project("{FAE04EC0-301F-11D3-BF4B-00C04F79EFBC}") = "CodeKata8", "CodeKata8\CodeKata8.csproj", "{D527ADD7-554A-43FA-8FE4-300AEF789E92}"
EndProject
Project("{FAE04EC0-301F-11D3-BF4B-00C04F79EFBC}") = "CodeKata8UnitTest", "CodeKata8UnitTest\CodeKata8UnitTest.csproj", "{6295E03A-86A6-456C-9003-155DD3B3282B}"
EndProject
Global
	GlobalSection(SolutionConfigurationPlatforms) = preSolution
		Debug|Any CPU = Debug|Any CPU
		Release|Any CPU = Release|Any CPU
	EndGlobalSection
	GlobalSection(ProjectConfigurationPlatforms) = postSolution
		{D527ADD7-554A-43FA-8FE4-300AEF789E92}.Debug|Any CPU.ActiveCfg = Debug|Any CPU
		{D527ADD7-554A-43FA-8FE4-300AEF789E92}.Debug|Any CPU.Build.0 = Debug|Any CPU
		{D527ADD7-554A-43FA-8FE4-300AEF789E92}.Release|Any CPU.ActiveCfg = Release|Any CPU
		{D527ADD7-554A-43FA-8FE4-300AEF789E92}.Release|Any CPU.Build.0 = Release|Any CPU
		{6295E03A-86A6-456C-9003-155DD3B3282B}.Debug|Any CPU.ActiveCfg = Debug|Any CPU
		{6295E03A-86A6-456C-9003-155DD3B3282B}.Debug|Any CPU.Build.0 = Debug|Any CPU
		{6295E03A-86A6-456C-9003-155DD3B3282B}.Release|Any CPU.ActiveCfg = Release|Any CPU
		{6295E03A-86A6-456C-9003-155DD3B3282B}.Release|Any CPU.Build.0 = Release|Any CPU
	EndGlobalSection
	GlobalSection(SolutionProperties) = preSolution
		HideSolutionNode = FALSE
	EndGlobalSection
EndGlobal
